
Microsoft Visual Studio Solution File, Format Version 12.00
# Visual Studio Version 16
VisualStudioVersion = 16.0.29613.14
MinimumVisualStudioVersion = 10.0.40219.1
Project("{9A19103F-16F7-4668-BE54-9A1E7A4F7556}") = "Asp.NetCoreMvcCURD", "Asp.NetCoreMvcCURD\Asp.NetCoreMvcCURD.csproj", "{AAAB31E5-65F9-4AE4-B8CB-8C3CB31023A7}"
EndProject
Global
	GlobalSection(SolutionConfigurationPlatforms) = preSolution
		Debug|Any CPU = Debug|Any CPU
		Release|Any CPU = Release|Any CPU
	EndGlobalSection
	GlobalSection(ProjectConfigurationPlatforms) = postSolution
		{AAAB31E5-65F9-4AE4-B8CB-8C3CB31023A7}.Debug|Any CPU.ActiveCfg = Debug|Any CPU
		{AAAB31E5-65F9-4AE4-B8CB-8C3CB31023A7}.Debug|Any CPU.Build.0 = Debug|Any CPU
		{AAAB31E5-65F9-4AE4-B8CB-8C3CB31023A7}.Release|Any CPU.ActiveCfg = Release|Any CPU
		{AAAB31E5-65F9-4AE4-B8CB-8C3CB31023A7}.Release|Any CPU.Build.0 = Release|Any CPU
	EndGlobalSection
	GlobalSection(SolutionProperties) = preSolution
		HideSolutionNode = FALSE
	EndGlobalSection
	GlobalSection(ExtensibilityGlobals) = postSolution
		SolutionGuid = {F0B3B315-453F-4034-A100-30EA367C0EF7}
	EndGlobalSection
EndGlobal
